
Microsoft Visual Studio Solution File, Format Version 12.00
# Visual Studio Version 17
VisualStudioVersion = 17.0.31612.314
MinimumVisualStudioVersion = 10.0.40219.1
Project("{9A19103F-16F7-4668-BE54-9A1E7A4F7556}") = "StashCache", "src\StashCache\StashCache.csproj", "{3E9FAA63-9B8C-4467-8C4B-F41106A2B970}"
EndProject
Project("{9A19103F-16F7-4668-BE54-9A1E7A4F7556}") = "Sample.AspNetCore", "src\Sample.AspNetCore\Sample.AspNetCore.csproj", "{63B70F97-7359-45EB-BF1C-C96699E3D13C}"
EndProject
Project("{9A19103F-16F7-4668-BE54-9A1E7A4F7556}") = "Benchmarks.StashCache", "src\Benchmarks.StashCache\Benchmarks.StashCache.csproj", "{CF7AFFC5-1FA3-48B3-A745-11CB6AF38B60}"
EndProject
Project("{2150E333-8FDC-42A3-9474-1A3956D46DE8}") = "src", "src", "{A403D491-05C8-419D-96E1-3C974FA953AF}"
EndProject
Project("{2150E333-8FDC-42A3-9474-1A3956D46DE8}") = "sample", "sample", "{57D2D38F-B0FF-43D4-9B88-CE46D48BDE20}"
EndProject
Project("{2150E333-8FDC-42A3-9474-1A3956D46DE8}") = "benchmark", "benchmark", "{DDA775B1-B133-4F1F-9B54-B4C33C7172D3}"
EndProject
Project("{2150E333-8FDC-42A3-9474-1A3956D46DE8}") = "test", "test", "{8C13686B-F7B4-4553-89FE-6AA4EE43327F}"
EndProject
Project("{FAE04EC0-301F-11D3-BF4B-00C04F79EFBC}") = "StashCache.Tests", "test\StashCache.Tests\StashCache.Tests.csproj", "{6EF4A4BA-5348-4052-9338-C99F2FF75DD4}"
EndProject
Global
	GlobalSection(SolutionConfigurationPlatforms) = preSolution
		Debug|Any CPU = Debug|Any CPU
		Release|Any CPU = Release|Any CPU
	EndGlobalSection
	GlobalSection(ProjectConfigurationPlatforms) = postSolution
		{3E9FAA63-9B8C-4467-8C4B-F41106A2B970}.Debug|Any CPU.ActiveCfg = Debug|Any CPU
		{3E9FAA63-9B8C-4467-8C4B-F41106A2B970}.Debug|Any CPU.Build.0 = Debug|Any CPU
		{3E9FAA63-9B8C-4467-8C4B-F41106A2B970}.Release|Any CPU.ActiveCfg = Release|Any CPU
		{3E9FAA63-9B8C-4467-8C4B-F41106A2B970}.Release|Any CPU.Build.0 = Release|Any CPU
		{63B70F97-7359-45EB-BF1C-C96699E3D13C}.Debug|Any CPU.ActiveCfg = Debug|Any CPU
		{63B70F97-7359-45EB-BF1C-C96699E3D13C}.Debug|Any CPU.Build.0 = Debug|Any CPU
		{63B70F97-7359-45EB-BF1C-C96699E3D13C}.Release|Any CPU.ActiveCfg = Release|Any CPU
		{63B70F97-7359-45EB-BF1C-C96699E3D13C}.Release|Any CPU.Build.0 = Release|Any CPU
		{CF7AFFC5-1FA3-48B3-A745-11CB6AF38B60}.Debug|Any CPU.ActiveCfg = Debug|Any CPU
		{CF7AFFC5-1FA3-48B3-A745-11CB6AF38B60}.Debug|Any CPU.Build.0 = Debug|Any CPU
		{CF7AFFC5-1FA3-48B3-A745-11CB6AF38B60}.Release|Any CPU.ActiveCfg = Release|Any CPU
		{CF7AFFC5-1FA3-48B3-A745-11CB6AF38B60}.Release|Any CPU.Build.0 = Release|Any CPU
		{6EF4A4BA-5348-4052-9338-C99F2FF75DD4}.Debug|Any CPU.ActiveCfg = Debug|Any CPU
		{6EF4A4BA-5348-4052-9338-C99F2FF75DD4}.Debug|Any CPU.Build.0 = Debug|Any CPU
		{6EF4A4BA-5348-4052-9338-C99F2FF75DD4}.Release|Any CPU.ActiveCfg = Release|Any CPU
		{6EF4A4BA-5348-4052-9338-C99F2FF75DD4}.Release|Any CPU.Build.0 = Release|Any CPU
	EndGlobalSection
	GlobalSection(SolutionProperties) = preSolution
		HideSolutionNode = FALSE
	EndGlobalSection
	GlobalSection(NestedProjects) = preSolution
		{3E9FAA63-9B8C-4467-8C4B-F41106A2B970} = {A403D491-05C8-419D-96E1-3C974FA953AF}
		{63B70F97-7359-45EB-BF1C-C96699E3D13C} = {57D2D38F-B0FF-43D4-9B88-CE46D48BDE20}
		{CF7AFFC5-1FA3-48B3-A745-11CB6AF38B60} = {DDA775B1-B133-4F1F-9B54-B4C33C7172D3}
		{6EF4A4BA-5348-4052-9338-C99F2FF75DD4} = {8C13686B-F7B4-4553-89FE-6AA4EE43327F}
	EndGlobalSection
	GlobalSection(ExtensibilityGlobals) = postSolution
		SolutionGuid = {150EAF2A-061A-4E9D-BED6-4A8DB2287137}
	EndGlobalSection
EndGlobal
